// !$*UTF8*$!
{
	archiveVersion = 1;
	classes = {
	};
	objectVersion = 56;
	objects = {

/* Begin PBXBuildFile section */
		7B04330E2A3E6F99005A2B41 /* FishkyApp.swift in Sources */ = {isa = PBXBuildFile; fileRef = 7B04330D2A3E6F99005A2B41 /* FishkyApp.swift */; };
		7B0433122A3E6F99005A2B41 /* ContentView.swift in Sources */ = {isa = PBXBuildFile; fileRef = 7B0433112A3E6F99005A2B41 /* ContentView.swift */; };
		7B0433142A3E6F9A005A2B41 /* Assets.xcassets in Resources */ = {isa = PBXBuildFile; fileRef = 7B0433132A3E6F9A005A2B41 /* Assets.xcassets */; };
		7B0433182A3E6F9A005A2B41 /* Preview Assets.xcassets in Resources */ = {isa = PBXBuildFile; fileRef = 7B0433172A3E6F9A005A2B41 /* Preview Assets.xcassets */; };
		7B0433212A3E74C2005A2B41 /* Deck.swift in Sources */ = {isa = PBXBuildFile; fileRef = 7B0433202A3E74C2005A2B41 /* Deck.swift */; };
		7B0433232A3E75D1005A2B41 /* Flashcard.swift in Sources */ = {isa = PBXBuildFile; fileRef = 7B0433222A3E75D1005A2B41 /* Flashcard.swift */; };
		7B25EB662D2EBC14009BBF9E /* FlashcardStudyView.swift in Sources */ = {isa = PBXBuildFile; fileRef = 7B25EB652D2EBC03009BBF9E /* FlashcardStudyView.swift */; };
		7B351B952D02167D00DA597F /* DataModel.swift in Sources */ = {isa = PBXBuildFile; fileRef = 7B351B942D02167B00DA597F /* DataModel.swift */; };
		7B351B972D02175F00DA597F /* DeckListView.swift in Sources */ = {isa = PBXBuildFile; fileRef = 7B351B962D02175B00DA597F /* DeckListView.swift */; };
		7B351B992D0217E500DA597F /* DeckListItem.swift in Sources */ = {isa = PBXBuildFile; fileRef = 7B351B982D0217DC00DA597F /* DeckListItem.swift */; };
		7B351B9C2D021A5300DA597F /* PreviewSampleData.swift in Sources */ = {isa = PBXBuildFile; fileRef = 7B351B9B2D021A5300DA597F /* PreviewSampleData.swift */; };
		7B4658DA2DB813F3008A258B /* KnowledgeButtons.swift in Sources */ = {isa = PBXBuildFile; fileRef = 7B4658D92DB813F3008A258B /* KnowledgeButtons.swift */; };
		7B557BBE2A52BD3B00A5DE26 /* DeckView.swift in Sources */ = {isa = PBXBuildFile; fileRef = 7B557BBD2A52BD3B00A5DE26 /* DeckView.swift */; };
		7B557BC32A52CAAA00A5DE26 /* NewFlashcardButton.swift in Sources */ = {isa = PBXBuildFile; fileRef = 7B557BC22A52CAAA00A5DE26 /* NewFlashcardButton.swift */; };
		7B557BC52A52CAEE00A5DE26 /* FlashcardEditTile.swift in Sources */ = {isa = PBXBuildFile; fileRef = 7B557BC42A52CAEE00A5DE26 /* FlashcardEditTile.swift */; };
		7B7B5CC02D87469E002634A9 /* FlashcardPreviewTile.swift in Sources */ = {isa = PBXBuildFile; fileRef = 7B7B5CBF2D874698002634A9 /* FlashcardPreviewTile.swift */; };
		7B80B3182D7DC76800A078FC /* FlashcardImage.swift in Sources */ = {isa = PBXBuildFile; fileRef = 7B80B3172D7DC76400A078FC /* FlashcardImage.swift */; };
		7B942ADC2CF37B3F00F1E853 /* FullscreenStudyView.swift in Sources */ = {isa = PBXBuildFile; fileRef = 7B942ADB2CF37B3400F1E853 /* FullscreenStudyView.swift */; };
		7BB30E8C2D53C8C6008CC123 /* ReorderableForEach.swift in Sources */ = {isa = PBXBuildFile; fileRef = 7BB30E8B2D53C8BD008CC123 /* ReorderableForEach.swift */; };
		7BB573762D07476C0005C24D /* FlashcardListView.swift in Sources */ = {isa = PBXBuildFile; fileRef = 7BB573752D0747640005C24D /* FlashcardListView.swift */; };
		7BDA0AA52CF5FC5600DDDDD6 /* TextEditorView.swift in Sources */ = {isa = PBXBuildFile; fileRef = 7BDA0AA42CF5FC5200DDDDD6 /* TextEditorView.swift */; };
		7BE9D79D2D525FC7007CE6CD /* AdaptiveList.swift in Sources */ = {isa = PBXBuildFile; fileRef = 7BE9D79C2D525FC1007CE6CD /* AdaptiveList.swift */; };
/* End PBXBuildFile section */

/* Begin PBXFileReference section */
		7B04330A2A3E6F99005A2B41 /* Fishky.app */ = {isa = PBXFileReference; explicitFileType = wrapper.application; includeInIndex = 0; path = Fishky.app; sourceTree = BUILT_PRODUCTS_DIR; };
		7B04330D2A3E6F99005A2B41 /* FishkyApp.swift */ = {isa = PBXFileReference; lastKnownFileType = sourcecode.swift; path = FishkyApp.swift; sourceTree = "<group>"; };
		7B0433112A3E6F99005A2B41 /* ContentView.swift */ = {isa = PBXFileReference; lastKnownFileType = sourcecode.swift; path = ContentView.swift; sourceTree = "<group>"; };
		7B0433132A3E6F9A005A2B41 /* Assets.xcassets */ = {isa = PBXFileReference; lastKnownFileType = folder.assetcatalog; path = Assets.xcassets; sourceTree = "<group>"; };
		7B0433152A3E6F9A005A2B41 /* Fishky.entitlements */ = {isa = PBXFileReference; lastKnownFileType = text.plist.entitlements; path = Fishky.entitlements; sourceTree = "<group>"; };
		7B0433172A3E6F9A005A2B41 /* Preview Assets.xcassets */ = {isa = PBXFileReference; lastKnownFileType = folder.assetcatalog; path = "Preview Assets.xcassets"; sourceTree = "<group>"; };
		7B0433192A3E6F9A005A2B41 /* Info.plist */ = {isa = PBXFileReference; lastKnownFileType = text.plist.xml; path = Info.plist; sourceTree = "<group>"; };
		7B0433202A3E74C2005A2B41 /* Deck.swift */ = {isa = PBXFileReference; lastKnownFileType = sourcecode.swift; path = Deck.swift; sourceTree = "<group>"; };
		7B0433222A3E75D1005A2B41 /* Flashcard.swift */ = {isa = PBXFileReference; lastKnownFileType = sourcecode.swift; path = Flashcard.swift; sourceTree = "<group>"; };
		7B25EB652D2EBC03009BBF9E /* FlashcardStudyView.swift */ = {isa = PBXFileReference; lastKnownFileType = sourcecode.swift; path = FlashcardStudyView.swift; sourceTree = "<group>"; };
		7B351B942D02167B00DA597F /* DataModel.swift */ = {isa = PBXFileReference; lastKnownFileType = sourcecode.swift; path = DataModel.swift; sourceTree = "<group>"; };
		7B351B962D02175B00DA597F /* DeckListView.swift */ = {isa = PBXFileReference; lastKnownFileType = sourcecode.swift; path = DeckListView.swift; sourceTree = "<group>"; };
		7B351B982D0217DC00DA597F /* DeckListItem.swift */ = {isa = PBXFileReference; lastKnownFileType = sourcecode.swift; path = DeckListItem.swift; sourceTree = "<group>"; };
		7B351B9B2D021A5300DA597F /* PreviewSampleData.swift */ = {isa = PBXFileReference; lastKnownFileType = sourcecode.swift; path = PreviewSampleData.swift; sourceTree = "<group>"; };
		7B4658D92DB813F3008A258B /* KnowledgeButtons.swift */ = {isa = PBXFileReference; lastKnownFileType = sourcecode.swift; path = KnowledgeButtons.swift; sourceTree = "<group>"; };
		7B557BBD2A52BD3B00A5DE26 /* DeckView.swift */ = {isa = PBXFileReference; lastKnownFileType = sourcecode.swift; path = DeckView.swift; sourceTree = "<group>"; };
		7B557BC22A52CAAA00A5DE26 /* NewFlashcardButton.swift */ = {isa = PBXFileReference; fileEncoding = 4; lastKnownFileType = sourcecode.swift; path = NewFlashcardButton.swift; sourceTree = "<group>"; };
		7B557BC42A52CAEE00A5DE26 /* FlashcardEditTile.swift */ = {isa = PBXFileReference; fileEncoding = 4; lastKnownFileType = sourcecode.swift; path = FlashcardEditTile.swift; sourceTree = "<group>"; };
		7B7B5CBF2D874698002634A9 /* FlashcardPreviewTile.swift */ = {isa = PBXFileReference; lastKnownFileType = sourcecode.swift; path = FlashcardPreviewTile.swift; sourceTree = "<group>"; };
		7B80B3172D7DC76400A078FC /* FlashcardImage.swift */ = {isa = PBXFileReference; lastKnownFileType = sourcecode.swift; path = FlashcardImage.swift; sourceTree = "<group>"; };
		7B942ADB2CF37B3400F1E853 /* FullscreenStudyView.swift */ = {isa = PBXFileReference; lastKnownFileType = sourcecode.swift; path = FullscreenStudyView.swift; sourceTree = "<group>"; };
		7BB30E8B2D53C8BD008CC123 /* ReorderableForEach.swift */ = {isa = PBXFileReference; lastKnownFileType = sourcecode.swift; path = ReorderableForEach.swift; sourceTree = "<group>"; };
		7BB573752D0747640005C24D /* FlashcardListView.swift */ = {isa = PBXFileReference; lastKnownFileType = sourcecode.swift; path = FlashcardListView.swift; sourceTree = "<group>"; };
		7BDA0AA42CF5FC5200DDDDD6 /* TextEditorView.swift */ = {isa = PBXFileReference; lastKnownFileType = sourcecode.swift; path = TextEditorView.swift; sourceTree = "<group>"; };
		7BE9D79C2D525FC1007CE6CD /* AdaptiveList.swift */ = {isa = PBXFileReference; lastKnownFileType = sourcecode.swift; path = AdaptiveList.swift; sourceTree = "<group>"; };
/* End PBXFileReference section */

/* Begin PBXFrameworksBuildPhase section */
		7B0433072A3E6F99005A2B41 /* Frameworks */ = {
			isa = PBXFrameworksBuildPhase;
			buildActionMask = 2147483647;
			files = (
			);
			runOnlyForDeploymentPostprocessing = 0;
		};
/* End PBXFrameworksBuildPhase section */

/* Begin PBXGroup section */
		7B0433012A3E6F99005A2B41 = {
			isa = PBXGroup;
			children = (
				7B04330C2A3E6F99005A2B41 /* Fishky */,
				7B04330B2A3E6F99005A2B41 /* Products */,
			);
			sourceTree = "<group>";
		};
		7B04330B2A3E6F99005A2B41 /* Products */ = {
			isa = PBXGroup;
			children = (
				7B04330A2A3E6F99005A2B41 /* Fishky.app */,
			);
			name = Products;
			sourceTree = "<group>";
		};
		7B04330C2A3E6F99005A2B41 /* Fishky */ = {
			isa = PBXGroup;
			children = (
				7B04330D2A3E6F99005A2B41 /* FishkyApp.swift */,
				7B04331F2A3E6FD7005A2B41 /* SwiftData */,
				7B557BBA2A52BCFC00A5DE26 /* Views */,
				7B0433132A3E6F9A005A2B41 /* Assets.xcassets */,
				7B0433152A3E6F9A005A2B41 /* Fishky.entitlements */,
				7B0433192A3E6F9A005A2B41 /* Info.plist */,
				7B0433162A3E6F9A005A2B41 /* Preview Content */,
			);
			path = Fishky;
			sourceTree = "<group>";
		};
		7B0433162A3E6F9A005A2B41 /* Preview Content */ = {
			isa = PBXGroup;
			children = (
				7B0433172A3E6F9A005A2B41 /* Preview Assets.xcassets */,
			);
			path = "Preview Content";
			sourceTree = "<group>";
		};
		7B04331F2A3E6FD7005A2B41 /* SwiftData */ = {
			isa = PBXGroup;
			children = (
				7B351B942D02167B00DA597F /* DataModel.swift */,
				7B0433202A3E74C2005A2B41 /* Deck.swift */,
				7B0433222A3E75D1005A2B41 /* Flashcard.swift */,
				7B351B9B2D021A5300DA597F /* PreviewSampleData.swift */,
			);
			path = SwiftData;
			sourceTree = "<group>";
		};
		7B557BBA2A52BCFC00A5DE26 /* Views */ = {
			isa = PBXGroup;
			children = (
				7BB573712D0746F90005C24D /* Home */,
				7BB573722D0747120005C24D /* Deck */,
				7B9310CC2D0F1F49008BDCBC /* Study */,
				7B557BBF2A52C2C900A5DE26 /* Support */,
			);
			path = Views;
			sourceTree = "<group>";
		};
		7B557BBF2A52C2C900A5DE26 /* Support */ = {
			isa = PBXGroup;
			children = (
				7BB30E8B2D53C8BD008CC123 /* ReorderableForEach.swift */,
				7BE9D79C2D525FC1007CE6CD /* AdaptiveList.swift */,
				7BDA0AA42CF5FC5200DDDDD6 /* TextEditorView.swift */,
			);
			path = Support;
			sourceTree = "<group>";
		};
		7B9310CC2D0F1F49008BDCBC /* Study */ = {
			isa = PBXGroup;
			children = (
				7B4658D92DB813F3008A258B /* KnowledgeButtons.swift */,
				7B942ADB2CF37B3400F1E853 /* FullscreenStudyView.swift */,
				7B25EB652D2EBC03009BBF9E /* FlashcardStudyView.swift */,
			);
			path = Study;
			sourceTree = "<group>";
		};
		7BB573712D0746F90005C24D /* Home */ = {
			isa = PBXGroup;
			children = (
				7B0433112A3E6F99005A2B41 /* ContentView.swift */,
				7B351B962D02175B00DA597F /* DeckListView.swift */,
				7B351B982D0217DC00DA597F /* DeckListItem.swift */,
			);
			path = Home;
			sourceTree = "<group>";
		};
		7BB573722D0747120005C24D /* Deck */ = {
			isa = PBXGroup;
			children = (
				7B557BBD2A52BD3B00A5DE26 /* DeckView.swift */,
				7BB573752D0747640005C24D /* FlashcardListView.swift */,
				7B557BC42A52CAEE00A5DE26 /* FlashcardEditTile.swift */,
				7B7B5CBF2D874698002634A9 /* FlashcardPreviewTile.swift */,
				7B80B3172D7DC76400A078FC /* FlashcardImage.swift */,
				7B557BC22A52CAAA00A5DE26 /* NewFlashcardButton.swift */,
			);
			path = Deck;
			sourceTree = "<group>";
		};
/* End PBXGroup section */

/* Begin PBXNativeTarget section */
		7B0433092A3E6F99005A2B41 /* Fishky */ = {
			isa = PBXNativeTarget;
			buildConfigurationList = 7B04331C2A3E6F9A005A2B41 /* Build configuration list for PBXNativeTarget "Fishky" */;
			buildPhases = (
				7B0433062A3E6F99005A2B41 /* Sources */,
				7B0433072A3E6F99005A2B41 /* Frameworks */,
				7B0433082A3E6F99005A2B41 /* Resources */,
			);
			buildRules = (
			);
			dependencies = (
			);
			name = Fishky;
			packageProductDependencies = (
			);
			productName = Fishky;
			productReference = 7B04330A2A3E6F99005A2B41 /* Fishky.app */;
			productType = "com.apple.product-type.application";
		};
/* End PBXNativeTarget section */

/* Begin PBXProject section */
		7B0433022A3E6F99005A2B41 /* Project object */ = {
			isa = PBXProject;
			attributes = {
				BuildIndependentTargetsInParallel = 1;
				LastSwiftUpdateCheck = 1500;
				LastUpgradeCheck = 1540;
				TargetAttributes = {
					7B0433092A3E6F99005A2B41 = {
						CreatedOnToolsVersion = 15.0;
					};
				};
			};
			buildConfigurationList = 7B0433052A3E6F99005A2B41 /* Build configuration list for PBXProject "Fishky" */;
			compatibilityVersion = "Xcode 14.0";
			developmentRegion = en;
			hasScannedForEncodings = 0;
			knownRegions = (
				en,
				Base,
			);
			mainGroup = 7B0433012A3E6F99005A2B41;
			packageReferences = (
			);
			productRefGroup = 7B04330B2A3E6F99005A2B41 /* Products */;
			projectDirPath = "";
			projectRoot = "";
			targets = (
				7B0433092A3E6F99005A2B41 /* Fishky */,
			);
		};
/* End PBXProject section */

/* Begin PBXResourcesBuildPhase section */
		7B0433082A3E6F99005A2B41 /* Resources */ = {
			isa = PBXResourcesBuildPhase;
			buildActionMask = 2147483647;
			files = (
				7B0433182A3E6F9A005A2B41 /* Preview Assets.xcassets in Resources */,
				7B0433142A3E6F9A005A2B41 /* Assets.xcassets in Resources */,
			);
			runOnlyForDeploymentPostprocessing = 0;
		};
/* End PBXResourcesBuildPhase section */

/* Begin PBXSourcesBuildPhase section */
		7B0433062A3E6F99005A2B41 /* Sources */ = {
			isa = PBXSourcesBuildPhase;
			buildActionMask = 2147483647;
			files = (
				7B351B9C2D021A5300DA597F /* PreviewSampleData.swift in Sources */,
				7B0433212A3E74C2005A2B41 /* Deck.swift in Sources */,
				7B25EB662D2EBC14009BBF9E /* FlashcardStudyView.swift in Sources */,
				7B80B3182D7DC76800A078FC /* FlashcardImage.swift in Sources */,
				7B942ADC2CF37B3F00F1E853 /* FullscreenStudyView.swift in Sources */,
				7B557BC32A52CAAA00A5DE26 /* NewFlashcardButton.swift in Sources */,
				7BB30E8C2D53C8C6008CC123 /* ReorderableForEach.swift in Sources */,
				7B0433232A3E75D1005A2B41 /* Flashcard.swift in Sources */,
				7B351B992D0217E500DA597F /* DeckListItem.swift in Sources */,
				7BB573762D07476C0005C24D /* FlashcardListView.swift in Sources */,
				7B04330E2A3E6F99005A2B41 /* FishkyApp.swift in Sources */,
				7B7B5CC02D87469E002634A9 /* FlashcardPreviewTile.swift in Sources */,
				7B351B952D02167D00DA597F /* DataModel.swift in Sources */,
				7B0433122A3E6F99005A2B41 /* ContentView.swift in Sources */,
				7B4658DA2DB813F3008A258B /* KnowledgeButtons.swift in Sources */,
				7BDA0AA52CF5FC5600DDDDD6 /* TextEditorView.swift in Sources */,
				7BE9D79D2D525FC7007CE6CD /* AdaptiveList.swift in Sources */,
				7B557BBE2A52BD3B00A5DE26 /* DeckView.swift in Sources */,
				7B557BC52A52CAEE00A5DE26 /* FlashcardEditTile.swift in Sources */,
				7B351B972D02175F00DA597F /* DeckListView.swift in Sources */,
			);
			runOnlyForDeploymentPostprocessing = 0;
		};
/* End PBXSourcesBuildPhase section */

/* Begin XCBuildConfiguration section */
		7B04331A2A3E6F9A005A2B41 /* Debug */ = {
			isa = XCBuildConfiguration;
			buildSettings = {
				ALWAYS_SEARCH_USER_PATHS = NO;
				ASSETCATALOG_COMPILER_GENERATE_SWIFT_ASSET_SYMBOL_EXTENSIONS = YES;
				CLANG_ANALYZER_NONNULL = YES;
				CLANG_ANALYZER_NUMBER_OBJECT_CONVERSION = YES_AGGRESSIVE;
				CLANG_CXX_LANGUAGE_STANDARD = "gnu++20";
				CLANG_ENABLE_MODULES = YES;
				CLANG_ENABLE_OBJC_ARC = YES;
				CLANG_ENABLE_OBJC_WEAK = YES;
				CLANG_WARN_BLOCK_CAPTURE_AUTORELEASING = YES;
				CLANG_WARN_BOOL_CONVERSION = YES;
				CLANG_WARN_COMMA = YES;
				CLANG_WARN_CONSTANT_CONVERSION = YES;
				CLANG_WARN_DEPRECATED_OBJC_IMPLEMENTATIONS = YES;
				CLANG_WARN_DIRECT_OBJC_ISA_USAGE = YES_ERROR;
				CLANG_WARN_DOCUMENTATION_COMMENTS = YES;
				CLANG_WARN_EMPTY_BODY = YES;
				CLANG_WARN_ENUM_CONVERSION = YES;
				CLANG_WARN_INFINITE_RECURSION = YES;
				CLANG_WARN_INT_CONVERSION = YES;
				CLANG_WARN_NON_LITERAL_NULL_CONVERSION = YES;
				CLANG_WARN_OBJC_IMPLICIT_RETAIN_SELF = YES;
				CLANG_WARN_OBJC_LITERAL_CONVERSION = YES;
				CLANG_WARN_OBJC_ROOT_CLASS = YES_ERROR;
				CLANG_WARN_QUOTED_INCLUDE_IN_FRAMEWORK_HEADER = YES;
				CLANG_WARN_RANGE_LOOP_ANALYSIS = YES;
				CLANG_WARN_STRICT_PROTOTYPES = YES;
				CLANG_WARN_SUSPICIOUS_MOVE = YES;
				CLANG_WARN_UNGUARDED_AVAILABILITY = YES_AGGRESSIVE;
				CLANG_WARN_UNREACHABLE_CODE = YES;
				CLANG_WARN__DUPLICATE_METHOD_MATCH = YES;
				COPY_PHASE_STRIP = NO;
				DEAD_CODE_STRIPPING = YES;
				DEBUG_INFORMATION_FORMAT = dwarf;
				ENABLE_STRICT_OBJC_MSGSEND = YES;
				ENABLE_TESTABILITY = YES;
				ENABLE_USER_SCRIPT_SANDBOXING = YES;
				GCC_C_LANGUAGE_STANDARD = gnu17;
				GCC_DYNAMIC_NO_PIC = NO;
				GCC_NO_COMMON_BLOCKS = YES;
				GCC_OPTIMIZATION_LEVEL = 0;
				GCC_PREPROCESSOR_DEFINITIONS = (
					"DEBUG=1",
					"$(inherited)",
				);
				GCC_WARN_64_TO_32_BIT_CONVERSION = YES;
				GCC_WARN_ABOUT_RETURN_TYPE = YES_ERROR;
				GCC_WARN_UNDECLARED_SELECTOR = YES;
				GCC_WARN_UNINITIALIZED_AUTOS = YES_AGGRESSIVE;
				GCC_WARN_UNUSED_FUNCTION = YES;
				GCC_WARN_UNUSED_VARIABLE = YES;
				LOCALIZATION_PREFERS_STRING_CATALOGS = YES;
				MTL_ENABLE_DEBUG_INFO = INCLUDE_SOURCE;
				MTL_FAST_MATH = YES;
				ONLY_ACTIVE_ARCH = YES;
				SWIFT_ACTIVE_COMPILATION_CONDITIONS = "DEBUG $(inherited)";
				SWIFT_OPTIMIZATION_LEVEL = "-Onone";
			};
			name = Debug;
		};
		7B04331B2A3E6F9A005A2B41 /* Release */ = {
			isa = XCBuildConfiguration;
			buildSettings = {
				ALWAYS_SEARCH_USER_PATHS = NO;
				ASSETCATALOG_COMPILER_GENERATE_SWIFT_ASSET_SYMBOL_EXTENSIONS = YES;
				CLANG_ANALYZER_NONNULL = YES;
				CLANG_ANALYZER_NUMBER_OBJECT_CONVERSION = YES_AGGRESSIVE;
				CLANG_CXX_LANGUAGE_STANDARD = "gnu++20";
				CLANG_ENABLE_MODULES = YES;
				CLANG_ENABLE_OBJC_ARC = YES;
				CLANG_ENABLE_OBJC_WEAK = YES;
				CLANG_WARN_BLOCK_CAPTURE_AUTORELEASING = YES;
				CLANG_WARN_BOOL_CONVERSION = YES;
				CLANG_WARN_COMMA = YES;
				CLANG_WARN_CONSTANT_CONVERSION = YES;
				CLANG_WARN_DEPRECATED_OBJC_IMPLEMENTATIONS = YES;
				CLANG_WARN_DIRECT_OBJC_ISA_USAGE = YES_ERROR;
				CLANG_WARN_DOCUMENTATION_COMMENTS = YES;
				CLANG_WARN_EMPTY_BODY = YES;
				CLANG_WARN_ENUM_CONVERSION = YES;
				CLANG_WARN_INFINITE_RECURSION = YES;
				CLANG_WARN_INT_CONVERSION = YES;
				CLANG_WARN_NON_LITERAL_NULL_CONVERSION = YES;
				CLANG_WARN_OBJC_IMPLICIT_RETAIN_SELF = YES;
				CLANG_WARN_OBJC_LITERAL_CONVERSION = YES;
				CLANG_WARN_OBJC_ROOT_CLASS = YES_ERROR;
				CLANG_WARN_QUOTED_INCLUDE_IN_FRAMEWORK_HEADER = YES;
				CLANG_WARN_RANGE_LOOP_ANALYSIS = YES;
				CLANG_WARN_STRICT_PROTOTYPES = YES;
				CLANG_WARN_SUSPICIOUS_MOVE = YES;
				CLANG_WARN_UNGUARDED_AVAILABILITY = YES_AGGRESSIVE;
				CLANG_WARN_UNREACHABLE_CODE = YES;
				CLANG_WARN__DUPLICATE_METHOD_MATCH = YES;
				COPY_PHASE_STRIP = NO;
				DEAD_CODE_STRIPPING = YES;
				DEBUG_INFORMATION_FORMAT = "dwarf-with-dsym";
				ENABLE_NS_ASSERTIONS = NO;
				ENABLE_STRICT_OBJC_MSGSEND = YES;
				ENABLE_USER_SCRIPT_SANDBOXING = YES;
				GCC_C_LANGUAGE_STANDARD = gnu17;
				GCC_NO_COMMON_BLOCKS = YES;
				GCC_WARN_64_TO_32_BIT_CONVERSION = YES;
				GCC_WARN_ABOUT_RETURN_TYPE = YES_ERROR;
				GCC_WARN_UNDECLARED_SELECTOR = YES;
				GCC_WARN_UNINITIALIZED_AUTOS = YES_AGGRESSIVE;
				GCC_WARN_UNUSED_FUNCTION = YES;
				GCC_WARN_UNUSED_VARIABLE = YES;
				LOCALIZATION_PREFERS_STRING_CATALOGS = YES;
				MTL_ENABLE_DEBUG_INFO = NO;
				MTL_FAST_MATH = YES;
				SWIFT_COMPILATION_MODE = wholemodule;
			};
			name = Release;
		};
		7B04331D2A3E6F9A005A2B41 /* Debug */ = {
			isa = XCBuildConfiguration;
			buildSettings = {
				ASSETCATALOG_COMPILER_APPICON_NAME = AppIcon;
				ASSETCATALOG_COMPILER_GLOBAL_ACCENT_COLOR_NAME = AccentColor;
				CODE_SIGN_ENTITLEMENTS = Fishky/Fishky.entitlements;
				CODE_SIGN_STYLE = Automatic;
				CURRENT_PROJECT_VERSION = 1;
				DEAD_CODE_STRIPPING = YES;
				DEVELOPMENT_ASSET_PATHS = "\"Fishky/Preview Content\"";
				DEVELOPMENT_TEAM = NMDSW6KGG7;
				ENABLE_HARDENED_RUNTIME = YES;
				ENABLE_PREVIEWS = YES;
				GENERATE_INFOPLIST_FILE = YES;
				INFOPLIST_FILE = Fishky/Info.plist;
				INFOPLIST_KEY_CFBundleDisplayName = Fishky;
				INFOPLIST_KEY_LSApplicationCategoryType = "public.app-category.education";
				"INFOPLIST_KEY_UIApplicationSceneManifest_Generation[sdk=iphoneos*]" = YES;
				"INFOPLIST_KEY_UIApplicationSceneManifest_Generation[sdk=iphonesimulator*]" = YES;
				"INFOPLIST_KEY_UIApplicationSupportsIndirectInputEvents[sdk=iphoneos*]" = YES;
				"INFOPLIST_KEY_UIApplicationSupportsIndirectInputEvents[sdk=iphonesimulator*]" = YES;
				"INFOPLIST_KEY_UILaunchScreen_Generation[sdk=iphoneos*]" = YES;
				"INFOPLIST_KEY_UILaunchScreen_Generation[sdk=iphonesimulator*]" = YES;
				"INFOPLIST_KEY_UIStatusBarStyle[sdk=iphoneos*]" = UIStatusBarStyleDefault;
				"INFOPLIST_KEY_UIStatusBarStyle[sdk=iphonesimulator*]" = UIStatusBarStyleDefault;
				INFOPLIST_KEY_UISupportedInterfaceOrientations_iPad = "UIInterfaceOrientationPortrait UIInterfaceOrientationPortraitUpsideDown UIInterfaceOrientationLandscapeLeft UIInterfaceOrientationLandscapeRight";
				INFOPLIST_KEY_UISupportedInterfaceOrientations_iPhone = "UIInterfaceOrientationPortrait UIInterfaceOrientationLandscapeLeft UIInterfaceOrientationLandscapeRight";
				IPHONEOS_DEPLOYMENT_TARGET = 18.2;
				LD_RUNPATH_SEARCH_PATHS = "@executable_path/Frameworks";
				"LD_RUNPATH_SEARCH_PATHS[sdk=macosx*]" = "@executable_path/../Frameworks";
				MACOSX_DEPLOYMENT_TARGET = 15.0;
				MARKETING_VERSION = 1.0;
				PRODUCT_BUNDLE_IDENTIFIER = com.krawieck.Fishky;
				PRODUCT_NAME = "$(TARGET_NAME)";
				SDKROOT = auto;
				SUPPORTED_PLATFORMS = "iphoneos iphonesimulator";
				SUPPORTS_MACCATALYST = YES;
				SWIFT_EMIT_LOC_STRINGS = YES;
				SWIFT_VERSION = 5.0;
				TARGETED_DEVICE_FAMILY = "1,2";
			};
			name = Debug;
		};
		7B04331E2A3E6F9A005A2B41 /* Release */ = {
			isa = XCBuildConfiguration;
			buildSettings = {
				ASSETCATALOG_COMPILER_APPICON_NAME = AppIcon;
				ASSETCATALOG_COMPILER_GLOBAL_ACCENT_COLOR_NAME = AccentColor;
				CODE_SIGN_ENTITLEMENTS = Fishky/Fishky.entitlements;
				CODE_SIGN_STYLE = Automatic;
				CURRENT_PROJECT_VERSION = 1;
				DEAD_CODE_STRIPPING = YES;
				DEVELOPMENT_ASSET_PATHS = "\"Fishky/Preview Content\"";
				DEVELOPMENT_TEAM = NMDSW6KGG7;
				ENABLE_HARDENED_RUNTIME = YES;
				ENABLE_PREVIEWS = YES;
				GENERATE_INFOPLIST_FILE = YES;
				INFOPLIST_FILE = Fishky/Info.plist;
				INFOPLIST_KEY_CFBundleDisplayName = Fishky;
				INFOPLIST_KEY_LSApplicationCategoryType = "public.app-category.education";
				"INFOPLIST_KEY_UIApplicationSceneManifest_Generation[sdk=iphoneos*]" = YES;
				"INFOPLIST_KEY_UIApplicationSceneManifest_Generation[sdk=iphonesimulator*]" = YES;
				"INFOPLIST_KEY_UIApplicationSupportsIndirectInputEvents[sdk=iphoneos*]" = YES;
				"INFOPLIST_KEY_UIApplicationSupportsIndirectInputEvents[sdk=iphonesimulator*]" = YES;
				"INFOPLIST_KEY_UILaunchScreen_Generation[sdk=iphoneos*]" = YES;
				"INFOPLIST_KEY_UILaunchScreen_Generation[sdk=iphonesimulator*]" = YES;
				"INFOPLIST_KEY_UIStatusBarStyle[sdk=iphoneos*]" = UIStatusBarStyleDefault;
				"INFOPLIST_KEY_UIStatusBarStyle[sdk=iphonesimulator*]" = UIStatusBarStyleDefault;
				INFOPLIST_KEY_UISupportedInterfaceOrientations_iPad = "UIInterfaceOrientationPortrait UIInterfaceOrientationPortraitUpsideDown UIInterfaceOrientationLandscapeLeft UIInterfaceOrientationLandscapeRight";
				INFOPLIST_KEY_UISupportedInterfaceOrientations_iPhone = "UIInterfaceOrientationPortrait UIInterfaceOrientationLandscapeLeft UIInterfaceOrientationLandscapeRight";
				IPHONEOS_DEPLOYMENT_TARGET = 18.2;
				LD_RUNPATH_SEARCH_PATHS = "@executable_path/Frameworks";
				"LD_RUNPATH_SEARCH_PATHS[sdk=macosx*]" = "@executable_path/../Frameworks";
				MACOSX_DEPLOYMENT_TARGET = 15.0;
				MARKETING_VERSION = 1.0;
				PRODUCT_BUNDLE_IDENTIFIER = com.krawieck.Fishky;
				PRODUCT_NAME = "$(TARGET_NAME)";
				SDKROOT = auto;
				SUPPORTED_PLATFORMS = "iphoneos iphonesimulator";
				SUPPORTS_MACCATALYST = YES;
				SWIFT_EMIT_LOC_STRINGS = YES;
				SWIFT_VERSION = 5.0;
				TARGETED_DEVICE_FAMILY = "1,2";
			};
			name = Release;
		};
/* End XCBuildConfiguration section */

/* Begin XCConfigurationList section */
		7B0433052A3E6F99005A2B41 /* Build configuration list for PBXProject "Fishky" */ = {
			isa = XCConfigurationList;
			buildConfigurations = (
				7B04331A2A3E6F9A005A2B41 /* Debug */,
				7B04331B2A3E6F9A005A2B41 /* Release */,
			);
			defaultConfigurationIsVisible = 0;
			defaultConfigurationName = Release;
		};
		7B04331C2A3E6F9A005A2B41 /* Build configuration list for PBXNativeTarget "Fishky" */ = {
			isa = XCConfigurationList;
			buildConfigurations = (
				7B04331D2A3E6F9A005A2B41 /* Debug */,
				7B04331E2A3E6F9A005A2B41 /* Release */,
			);
			defaultConfigurationIsVisible = 0;
			defaultConfigurationName = Release;
		};
/* End XCConfigurationList section */
	};
	rootObject = 7B0433022A3E6F99005A2B41 /* Project object */;
}
